
Microsoft Visual Studio Solution File, Format Version 12.00
# Visual Studio Version 16
VisualStudioVersion = 16.0.29926.136
MinimumVisualStudioVersion = 10.0.40219.1
Project("{9A19103F-16F7-4668-BE54-9A1E7A4F7556}") = "WebMarket", "WebMarket\WebMarket.csproj", "{961DD443-5C26-4EB7-8CA8-D07140D404C2}"
EndProject
Project("{FAE04EC0-301F-11D3-BF4B-00C04F79EFBC}") = "UnitTest", "UnitTest\UnitTest.csproj", "{99CDB747-2EF7-4FDD-BE99-43DAE686FC2B}"
EndProject
Global
	GlobalSection(SolutionConfigurationPlatforms) = preSolution
		Debug|Any CPU = Debug|Any CPU
		Release|Any CPU = Release|Any CPU
	EndGlobalSection
	GlobalSection(ProjectConfigurationPlatforms) = postSolution
		{961DD443-5C26-4EB7-8CA8-D07140D404C2}.Debug|Any CPU.ActiveCfg = Debug|Any CPU
		{961DD443-5C26-4EB7-8CA8-D07140D404C2}.Debug|Any CPU.Build.0 = Debug|Any CPU
		{961DD443-5C26-4EB7-8CA8-D07140D404C2}.Release|Any CPU.ActiveCfg = Release|Any CPU
		{961DD443-5C26-4EB7-8CA8-D07140D404C2}.Release|Any CPU.Build.0 = Release|Any CPU
		{99CDB747-2EF7-4FDD-BE99-43DAE686FC2B}.Debug|Any CPU.ActiveCfg = Debug|Any CPU
		{99CDB747-2EF7-4FDD-BE99-43DAE686FC2B}.Debug|Any CPU.Build.0 = Debug|Any CPU
		{99CDB747-2EF7-4FDD-BE99-43DAE686FC2B}.Release|Any CPU.ActiveCfg = Release|Any CPU
		{99CDB747-2EF7-4FDD-BE99-43DAE686FC2B}.Release|Any CPU.Build.0 = Release|Any CPU
	EndGlobalSection
	GlobalSection(SolutionProperties) = preSolution
		HideSolutionNode = FALSE
	EndGlobalSection
	GlobalSection(ExtensibilityGlobals) = postSolution
		SolutionGuid = {9B6EBE59-7987-4084-A599-EDAC2D312355}
	EndGlobalSection
EndGlobal
